
Microsoft Visual Studio Solution File, Format Version 12.00
# Visual Studio Version 17
VisualStudioVersion = 17.8.34408.163
MinimumVisualStudioVersion = 10.0.40219.1
Project("{FAE04EC0-301F-11D3-BF4B-00C04F79EFBC}") = "MIS3033_HW4_WesleyPatterson", "MIS3033_HW4_WesleyPatterson\MIS3033_HW4_WesleyPatterson.csproj", "{702D84E7-9340-4D43-859C-3BE3A24223A3}"
EndProject
Global
	GlobalSection(SolutionConfigurationPlatforms) = preSolution
		Debug|Any CPU = Debug|Any CPU
		Release|Any CPU = Release|Any CPU
	EndGlobalSection
	GlobalSection(ProjectConfigurationPlatforms) = postSolution
		{702D84E7-9340-4D43-859C-3BE3A24223A3}.Debug|Any CPU.ActiveCfg = Debug|Any CPU
		{702D84E7-9340-4D43-859C-3BE3A24223A3}.Debug|Any CPU.Build.0 = Debug|Any CPU
		{702D84E7-9340-4D43-859C-3BE3A24223A3}.Release|Any CPU.ActiveCfg = Release|Any CPU
		{702D84E7-9340-4D43-859C-3BE3A24223A3}.Release|Any CPU.Build.0 = Release|Any CPU
	EndGlobalSection
	GlobalSection(SolutionProperties) = preSolution
		HideSolutionNode = FALSE
	EndGlobalSection
	GlobalSection(ExtensibilityGlobals) = postSolution
		SolutionGuid = {D71E7723-8C5D-4D91-87E8-C1B3C8C470EB}
	EndGlobalSection
EndGlobal
